
Microsoft Visual Studio Solution File, Format Version 12.00
# Visual Studio 15
VisualStudioVersion = 15.0.27130.2024
MinimumVisualStudioVersion = 10.0.40219.1
Project("{2150E333-8FDC-42A3-9474-1A3956D46DE8}") = "src", "src", "{3DD6C61C-FC97-42E1-ACBB-39F7CEE63091}"
EndProject
Project("{9A19103F-16F7-4668-BE54-9A1E7A4F7556}") = "Blog.WebBack", "src\Blog.WebBack\Blog.WebBack.csproj", "{E84A0434-AA0F-4E87-9372-5ADA82F60101}"
EndProject
Project("{2150E333-8FDC-42A3-9474-1A3956D46DE8}") = "Foundation", "Foundation", "{50FDE9F4-87BE-4BB3-8C41-3F1315AF99C8}"
EndProject
Project("{9A19103F-16F7-4668-BE54-9A1E7A4F7556}") = "Blog.Entity", "src\Blog.Entity\Blog.Entity.csproj", "{D71048B4-A605-430B-8F44-5415E7D1E9D1}"
EndProject
Project("{9A19103F-16F7-4668-BE54-9A1E7A4F7556}") = "Blog.DAL", "src\Blog.DAL\Blog.DAL.csproj", "{4BBA31D6-0143-4772-A117-13E9060710B1}"
EndProject
Project("{9A19103F-16F7-4668-BE54-9A1E7A4F7556}") = "Blog.Common", "src\Blog.Common\Blog.Common.csproj", "{3B4B85F5-09EE-459E-9472-4F8DADAB70EC}"
EndProject
Project("{9A19103F-16F7-4668-BE54-9A1E7A4F7556}") = "Blog.BLL", "src\Blog.BLL\Blog.BLL.csproj", "{A764CE89-8FE3-417C-A73E-3486AC7D0FE4}"
EndProject
Project("{9A19103F-16F7-4668-BE54-9A1E7A4F7556}") = "Blog.WebMobile", "src\Blog.WebMobile\Blog.WebMobile.csproj", "{F66EB679-9DE8-4F91-A597-3C521631B19F}"
EndProject
Project("{9A19103F-16F7-4668-BE54-9A1E7A4F7556}") = "Blog.Mvc", "src\Blog.Mvc\Blog.Mvc.csproj", "{8DD85DBF-B747-44A1-9B03-41FA45B60680}"
EndProject
Global
	GlobalSection(SolutionConfigurationPlatforms) = preSolution
		Debug|Any CPU = Debug|Any CPU
		Release|Any CPU = Release|Any CPU
	EndGlobalSection
	GlobalSection(ProjectConfigurationPlatforms) = postSolution
		{E84A0434-AA0F-4E87-9372-5ADA82F60101}.Debug|Any CPU.ActiveCfg = Debug|Any CPU
		{E84A0434-AA0F-4E87-9372-5ADA82F60101}.Debug|Any CPU.Build.0 = Debug|Any CPU
		{E84A0434-AA0F-4E87-9372-5ADA82F60101}.Release|Any CPU.ActiveCfg = Release|Any CPU
		{E84A0434-AA0F-4E87-9372-5ADA82F60101}.Release|Any CPU.Build.0 = Release|Any CPU
		{D71048B4-A605-430B-8F44-5415E7D1E9D1}.Debug|Any CPU.ActiveCfg = Debug|Any CPU
		{D71048B4-A605-430B-8F44-5415E7D1E9D1}.Debug|Any CPU.Build.0 = Debug|Any CPU
		{D71048B4-A605-430B-8F44-5415E7D1E9D1}.Release|Any CPU.ActiveCfg = Release|Any CPU
		{D71048B4-A605-430B-8F44-5415E7D1E9D1}.Release|Any CPU.Build.0 = Release|Any CPU
		{4BBA31D6-0143-4772-A117-13E9060710B1}.Debug|Any CPU.ActiveCfg = Debug|Any CPU
		{4BBA31D6-0143-4772-A117-13E9060710B1}.Debug|Any CPU.Build.0 = Debug|Any CPU
		{4BBA31D6-0143-4772-A117-13E9060710B1}.Release|Any CPU.ActiveCfg = Release|Any CPU
		{4BBA31D6-0143-4772-A117-13E9060710B1}.Release|Any CPU.Build.0 = Release|Any CPU
		{3B4B85F5-09EE-459E-9472-4F8DADAB70EC}.Debug|Any CPU.ActiveCfg = Debug|Any CPU
		{3B4B85F5-09EE-459E-9472-4F8DADAB70EC}.Debug|Any CPU.Build.0 = Debug|Any CPU
		{3B4B85F5-09EE-459E-9472-4F8DADAB70EC}.Release|Any CPU.ActiveCfg = Release|Any CPU
		{3B4B85F5-09EE-459E-9472-4F8DADAB70EC}.Release|Any CPU.Build.0 = Release|Any CPU
		{A764CE89-8FE3-417C-A73E-3486AC7D0FE4}.Debug|Any CPU.ActiveCfg = Debug|Any CPU
		{A764CE89-8FE3-417C-A73E-3486AC7D0FE4}.Debug|Any CPU.Build.0 = Debug|Any CPU
		{A764CE89-8FE3-417C-A73E-3486AC7D0FE4}.Release|Any CPU.ActiveCfg = Release|Any CPU
		{A764CE89-8FE3-417C-A73E-3486AC7D0FE4}.Release|Any CPU.Build.0 = Release|Any CPU
		{F66EB679-9DE8-4F91-A597-3C521631B19F}.Debug|Any CPU.ActiveCfg = Debug|Any CPU
		{F66EB679-9DE8-4F91-A597-3C521631B19F}.Debug|Any CPU.Build.0 = Debug|Any CPU
		{F66EB679-9DE8-4F91-A597-3C521631B19F}.Release|Any CPU.ActiveCfg = Release|Any CPU
		{F66EB679-9DE8-4F91-A597-3C521631B19F}.Release|Any CPU.Build.0 = Release|Any CPU
		{8DD85DBF-B747-44A1-9B03-41FA45B60680}.Debug|Any CPU.ActiveCfg = Debug|Any CPU
		{8DD85DBF-B747-44A1-9B03-41FA45B60680}.Debug|Any CPU.Build.0 = Debug|Any CPU
		{8DD85DBF-B747-44A1-9B03-41FA45B60680}.Release|Any CPU.ActiveCfg = Release|Any CPU
		{8DD85DBF-B747-44A1-9B03-41FA45B60680}.Release|Any CPU.Build.0 = Release|Any CPU
	EndGlobalSection
	GlobalSection(SolutionProperties) = preSolution
		HideSolutionNode = FALSE
	EndGlobalSection
	GlobalSection(NestedProjects) = preSolution
		{E84A0434-AA0F-4E87-9372-5ADA82F60101} = {3DD6C61C-FC97-42E1-ACBB-39F7CEE63091}
		{D71048B4-A605-430B-8F44-5415E7D1E9D1} = {50FDE9F4-87BE-4BB3-8C41-3F1315AF99C8}
		{4BBA31D6-0143-4772-A117-13E9060710B1} = {50FDE9F4-87BE-4BB3-8C41-3F1315AF99C8}
		{3B4B85F5-09EE-459E-9472-4F8DADAB70EC} = {50FDE9F4-87BE-4BB3-8C41-3F1315AF99C8}
		{A764CE89-8FE3-417C-A73E-3486AC7D0FE4} = {50FDE9F4-87BE-4BB3-8C41-3F1315AF99C8}
		{F66EB679-9DE8-4F91-A597-3C521631B19F} = {3DD6C61C-FC97-42E1-ACBB-39F7CEE63091}
		{8DD85DBF-B747-44A1-9B03-41FA45B60680} = {50FDE9F4-87BE-4BB3-8C41-3F1315AF99C8}
	EndGlobalSection
	GlobalSection(ExtensibilityGlobals) = postSolution
		SolutionGuid = {E9F04B09-24EF-4F31-B198-C4F60C894726}
	EndGlobalSection
EndGlobal
